
Microsoft Visual Studio Solution File, Format Version 12.00
# Visual Studio Version 17
VisualStudioVersion = 17.11.35208.52
MinimumVisualStudioVersion = 10.0.40219.1
Project("{FAE04EC0-301F-11D3-BF4B-00C04F79EFBC}") = "ai102Class", "ai102Class\ai102Class.csproj", "{904FEF48-371F-414D-BE98-123D9689527B}"
EndProject
Global
	GlobalSection(SolutionConfigurationPlatforms) = preSolution
		Debug|Any CPU = Debug|Any CPU
		Release|Any CPU = Release|Any CPU
	EndGlobalSection
	GlobalSection(ProjectConfigurationPlatforms) = postSolution
		{904FEF48-371F-414D-BE98-123D9689527B}.Debug|Any CPU.ActiveCfg = Debug|Any CPU
		{904FEF48-371F-414D-BE98-123D9689527B}.Debug|Any CPU.Build.0 = Debug|Any CPU
		{904FEF48-371F-414D-BE98-123D9689527B}.Release|Any CPU.ActiveCfg = Release|Any CPU
		{904FEF48-371F-414D-BE98-123D9689527B}.Release|Any CPU.Build.0 = Release|Any CPU
	EndGlobalSection
	GlobalSection(SolutionProperties) = preSolution
		HideSolutionNode = FALSE
	EndGlobalSection
	GlobalSection(ExtensibilityGlobals) = postSolution
		SolutionGuid = {34AF5476-865A-4BCF-94A6-539AA4143976}
	EndGlobalSection
EndGlobal
